{
  "name": "truncatewallet",
  "version": "1.0.1",
  "lockfileVersion": 2,
  "requires": true,
  "packages": {
    "": {
      "name": "truncatewallet",
      "version": "1.0.1",
      "license": "ISC",
      "dependencies": {
        "truncatewallet": "^1.0.1"
      }
    },
    "node_modules/truncatewallet": {
      "version": "1.0.1",
      "resolved": "https://registry.npmjs.org/truncatewallet/-/truncatewallet-1.0.1.tgz",
      "integrity": "sha512-avWwmGg/pfgUyfpWf76Ks0FXHq/cQLebtHbR58+h9GB++MPRmZypwhUoGy5n+PCi3jTHCAfEjgqWIcxpewWALQ=="
    }
  },
  "dependencies": {
    "truncatewallet": {
      "version": "1.0.1",
      "resolved": "https://registry.npmjs.org/truncatewallet/-/truncatewallet-1.0.1.tgz",
      "integrity": "sha512-avWwmGg/pfgUyfpWf76Ks0FXHq/cQLebtHbR58+h9GB++MPRmZypwhUoGy5n+PCi3jTHCAfEjgqWIcxpewWALQ=="
    }
  }
}
